Microsoft Visual Studio Solution File, Format Version 11.00
# Visual Studio 2008

Project("{DA491ED8-7CED-AC7A-68DA-905375384FDB}") = "7-27 Build", "Assembly-CSharp-firstpass-vs.csproj", "{EB4BFDBF-F385-9EA2-7376-EA8951F606D1}"
EndProject
Project("{DA491ED8-7CED-AC7A-68DA-905375384FDB}") = "7-27 Build", "Assembly-CSharp-vs.csproj", "{C3E19CF2-BB13-A297-FA9A-FBF43993E52A}"
EndProject
Global
	GlobalSection(SolutionConfigurationPlatforms) = preSolution
		Debug|Any CPU = Debug|Any CPU
		Release|Any CPU = Release|Any CPU
	EndGlobalSection
	GlobalSection(ProjectConfigurationPlatforms) = postSolution
		{EB4BFDBF-F385-9EA2-7376-EA8951F606D1}.Debug|Any CPU.ActiveCfg = Debug|Any CPU
		{EB4BFDBF-F385-9EA2-7376-EA8951F606D1}.Debug|Any CPU.Build.0 = Debug|Any CPU
		{EB4BFDBF-F385-9EA2-7376-EA8951F606D1}.Release|Any CPU.ActiveCfg = Release|Any CPU
		{EB4BFDBF-F385-9EA2-7376-EA8951F606D1}.Release|Any CPU.Build.0 = Release|Any CPU
		{C3E19CF2-BB13-A297-FA9A-FBF43993E52A}.Debug|Any CPU.ActiveCfg = Debug|Any CPU
		{C3E19CF2-BB13-A297-FA9A-FBF43993E52A}.Debug|Any CPU.Build.0 = Debug|Any CPU
		{C3E19CF2-BB13-A297-FA9A-FBF43993E52A}.Release|Any CPU.ActiveCfg = Release|Any CPU
		{C3E19CF2-BB13-A297-FA9A-FBF43993E52A}.Release|Any CPU.Build.0 = Release|Any CPU
	EndGlobalSection
	GlobalSection(SolutionProperties) = preSolution
		HideSolutionNode = FALSE
	EndGlobalSection
																			GlobalSection(MonoDevelopProperties) = preSolution
		StartupItem = Assembly-CSharp.csproj
		Policies = $0
		$0.TextStylePolicy = $1
		$1.inheritsSet = null
		$1.scope = text/x-csharp
		$0.CSharpFormattingPolicy = $2
		$2.inheritsSet = Mono
		$2.inheritsScope = text/x-csharp
		$2.scope = text/x-csharp
		$0.TextStylePolicy = $3
		$3.FileWidth = 120
		$3.TabWidth = 4
		$3.EolMarker = Unix
		$3.inheritsSet = Mono
		$3.inheritsScope = text/plain
		$3.scope = text/plain
	EndGlobalSection

EndGlobal
